
Microsoft Visual Studio Solution File, Format Version 12.00
# Visual Studio Version 16
VisualStudioVersion = 16.0.32901.82
MinimumVisualStudioVersion = 10.0.40219.1
Project("{9A19103F-16F7-4668-BE54-9A1E7A4F7556}") = "BTTL_Bai1", "LAB01_LeAnhQuoc_47.01.104,174\BTTL_Bai1.csproj", "{E3070925-B138-48DA-99ED-E8F757376369}"
EndProject
Project("{9A19103F-16F7-4668-BE54-9A1E7A4F7556}") = "BTTL_Bai2", "BTTL_Bai2\BTTL_Bai2.csproj", "{716C4F84-E456-4BFA-886B-00B7409D6002}"
EndProject
Project("{9A19103F-16F7-4668-BE54-9A1E7A4F7556}") = "BTTL_Bai3", "BTTL_Bai3\BTTL_Bai3.csproj", "{D1D9BF5D-7BA6-4D5D-91D8-B05D153DB17D}"
EndProject
Project("{9A19103F-16F7-4668-BE54-9A1E7A4F7556}") = "BTTL_Bai4", "BTTL_Bai4\BTTL_Bai4.csproj", "{97F1BA73-1C5E-4FD0-8AA0-C2955469EE6A}"
EndProject
Project("{9A19103F-16F7-4668-BE54-9A1E7A4F7556}") = "BTTL_Bai5", "BTTL_Bai5\BTTL_Bai5.csproj", "{31B67909-7A3C-47A0-80ED-5B4BA4EF972E}"
EndProject
Project("{9A19103F-16F7-4668-BE54-9A1E7A4F7556}") = "BTTL_Bai6", "BTTL_Bai6\BTTL_Bai6.csproj", "{1AD513C8-30A1-40C9-859F-1668AABBFA45}"
EndProject
Project("{9A19103F-16F7-4668-BE54-9A1E7A4F7556}") = "BTTL_Bai7", "BTTL_Bai7\BTTL_Bai7.csproj", "{3E39339F-5074-49BA-A3CB-621F1798D088}"
EndProject
Project("{9A19103F-16F7-4668-BE54-9A1E7A4F7556}") = "BTTL_Bai8", "BTTL_Bai8\BTTL_Bai8.csproj", "{D9D891BB-F2C0-48A9-AE54-6706FD51AD5D}"
EndProject
Project("{9A19103F-16F7-4668-BE54-9A1E7A4F7556}") = "BTTL_Bai9", "BTTL_Bai9\BTTL_Bai9.csproj", "{9FDCDAD7-3B9A-4891-8540-8258A868A874}"
EndProject
Project("{9A19103F-16F7-4668-BE54-9A1E7A4F7556}") = "BTTL_Bai10", "BTTL_Bai10\BTTL_Bai10.csproj", "{36BD21C4-0C48-4433-AA4A-4195DBFB56A7}"
EndProject
Project("{FAE04EC0-301F-11D3-BF4B-00C04F79EFBC}") = "BTNC_Bai1", "BTNC_Bai1\BTNC_Bai1.csproj", "{1320E904-9A68-4FD4-9027-BF208AEB8DB6}"
EndProject
Project("{FAE04EC0-301F-11D3-BF4B-00C04F79EFBC}") = "BTNC_Bai2", "BTNC_Bai2\BTNC_Bai2.csproj", "{41788D2E-498F-47CB-A607-BC5CA7D9F10C}"
EndProject
Project("{FAE04EC0-301F-11D3-BF4B-00C04F79EFBC}") = "BTVN_Bai1", "BTVN_Bai1\BTVN_Bai1.csproj", "{FB8214D2-C598-4A63-BCA1-AC3DB047C2A3}"
EndProject
Project("{FAE04EC0-301F-11D3-BF4B-00C04F79EFBC}") = "BTVN_Bai2", "BTVN_Bai2\BTVN_Bai2.csproj", "{FA0FB6E3-6B76-47ED-814D-4CCBEF6B2288}"
EndProject
Project("{FAE04EC0-301F-11D3-BF4B-00C04F79EFBC}") = "BTVN_Bai3", "BTVN_Bai3\BTVN_Bai3.csproj", "{35A549DF-AEFD-4D0D-A78F-C69693383AF3}"
EndProject
Project("{FAE04EC0-301F-11D3-BF4B-00C04F79EFBC}") = "BTVN_Bai4", "BTVN_Bai4\BTVN_Bai4.csproj", "{2752382B-3B0E-46E9-8BF2-BEC9AFF0EFDE}"
EndProject
Global
	GlobalSection(SolutionConfigurationPlatforms) = preSolution
		Debug|Any CPU = Debug|Any CPU
		Release|Any CPU = Release|Any CPU
	EndGlobalSection
	GlobalSection(ProjectConfigurationPlatforms) = postSolution
		{E3070925-B138-48DA-99ED-E8F757376369}.Debug|Any CPU.ActiveCfg = Debug|Any CPU
		{E3070925-B138-48DA-99ED-E8F757376369}.Debug|Any CPU.Build.0 = Debug|Any CPU
		{E3070925-B138-48DA-99ED-E8F757376369}.Release|Any CPU.ActiveCfg = Release|Any CPU
		{E3070925-B138-48DA-99ED-E8F757376369}.Release|Any CPU.Build.0 = Release|Any CPU
		{716C4F84-E456-4BFA-886B-00B7409D6002}.Debug|Any CPU.ActiveCfg = Debug|Any CPU
		{716C4F84-E456-4BFA-886B-00B7409D6002}.Debug|Any CPU.Build.0 = Debug|Any CPU
		{716C4F84-E456-4BFA-886B-00B7409D6002}.Release|Any CPU.ActiveCfg = Release|Any CPU
		{716C4F84-E456-4BFA-886B-00B7409D6002}.Release|Any CPU.Build.0 = Release|Any CPU
		{D1D9BF5D-7BA6-4D5D-91D8-B05D153DB17D}.Debug|Any CPU.ActiveCfg = Debug|Any CPU
		{D1D9BF5D-7BA6-4D5D-91D8-B05D153DB17D}.Debug|Any CPU.Build.0 = Debug|Any CPU
		{D1D9BF5D-7BA6-4D5D-91D8-B05D153DB17D}.Release|Any CPU.ActiveCfg = Release|Any CPU
		{D1D9BF5D-7BA6-4D5D-91D8-B05D153DB17D}.Release|Any CPU.Build.0 = Release|Any CPU
		{97F1BA73-1C5E-4FD0-8AA0-C2955469EE6A}.Debug|Any CPU.ActiveCfg = Debug|Any CPU
		{97F1BA73-1C5E-4FD0-8AA0-C2955469EE6A}.Debug|Any CPU.Build.0 = Debug|Any CPU
		{97F1BA73-1C5E-4FD0-8AA0-C2955469EE6A}.Release|Any CPU.ActiveCfg = Release|Any CPU
		{97F1BA73-1C5E-4FD0-8AA0-C2955469EE6A}.Release|Any CPU.Build.0 = Release|Any CPU
		{31B67909-7A3C-47A0-80ED-5B4BA4EF972E}.Debug|Any CPU.ActiveCfg = Debug|Any CPU
		{31B67909-7A3C-47A0-80ED-5B4BA4EF972E}.Debug|Any CPU.Build.0 = Debug|Any CPU
		{31B67909-7A3C-47A0-80ED-5B4BA4EF972E}.Release|Any CPU.ActiveCfg = Release|Any CPU
		{31B67909-7A3C-47A0-80ED-5B4BA4EF972E}.Release|Any CPU.Build.0 = Release|Any CPU
		{1AD513C8-30A1-40C9-859F-1668AABBFA45}.Debug|Any CPU.ActiveCfg = Debug|Any CPU
		{1AD513C8-30A1-40C9-859F-1668AABBFA45}.Debug|Any CPU.Build.0 = Debug|Any CPU
		{1AD513C8-30A1-40C9-859F-1668AABBFA45}.Release|Any CPU.ActiveCfg = Release|Any CPU
		{1AD513C8-30A1-40C9-859F-1668AABBFA45}.Release|Any CPU.Build.0 = Release|Any CPU
		{3E39339F-5074-49BA-A3CB-621F1798D088}.Debug|Any CPU.ActiveCfg = Debug|Any CPU
		{3E39339F-5074-49BA-A3CB-621F1798D088}.Debug|Any CPU.Build.0 = Debug|Any CPU
		{3E39339F-5074-49BA-A3CB-621F1798D088}.Release|Any CPU.ActiveCfg = Release|Any CPU
		{3E39339F-5074-49BA-A3CB-621F1798D088}.Release|Any CPU.Build.0 = Release|Any CPU
		{D9D891BB-F2C0-48A9-AE54-6706FD51AD5D}.Debug|Any CPU.ActiveCfg = Debug|Any CPU
		{D9D891BB-F2C0-48A9-AE54-6706FD51AD5D}.Debug|Any CPU.Build.0 = Debug|Any CPU
		{D9D891BB-F2C0-48A9-AE54-6706FD51AD5D}.Release|Any CPU.ActiveCfg = Release|Any CPU
		{D9D891BB-F2C0-48A9-AE54-6706FD51AD5D}.Release|Any CPU.Build.0 = Release|Any CPU
		{9FDCDAD7-3B9A-4891-8540-8258A868A874}.Debug|Any CPU.ActiveCfg = Debug|Any CPU
		{9FDCDAD7-3B9A-4891-8540-8258A868A874}.Debug|Any CPU.Build.0 = Debug|Any CPU
		{9FDCDAD7-3B9A-4891-8540-8258A868A874}.Release|Any CPU.ActiveCfg = Release|Any CPU
		{9FDCDAD7-3B9A-4891-8540-8258A868A874}.Release|Any CPU.Build.0 = Release|Any CPU
		{36BD21C4-0C48-4433-AA4A-4195DBFB56A7}.Debug|Any CPU.ActiveCfg = Debug|Any CPU
		{36BD21C4-0C48-4433-AA4A-4195DBFB56A7}.Debug|Any CPU.Build.0 = Debug|Any CPU
		{36BD21C4-0C48-4433-AA4A-4195DBFB56A7}.Release|Any CPU.ActiveCfg = Release|Any CPU
		{36BD21C4-0C48-4433-AA4A-4195DBFB56A7}.Release|Any CPU.Build.0 = Release|Any CPU
		{1320E904-9A68-4FD4-9027-BF208AEB8DB6}.Debug|Any CPU.ActiveCfg = Debug|Any CPU
		{1320E904-9A68-4FD4-9027-BF208AEB8DB6}.Debug|Any CPU.Build.0 = Debug|Any CPU
		{1320E904-9A68-4FD4-9027-BF208AEB8DB6}.Release|Any CPU.ActiveCfg = Release|Any CPU
		{1320E904-9A68-4FD4-9027-BF208AEB8DB6}.Release|Any CPU.Build.0 = Release|Any CPU
		{41788D2E-498F-47CB-A607-BC5CA7D9F10C}.Debug|Any CPU.ActiveCfg = Debug|Any CPU
		{41788D2E-498F-47CB-A607-BC5CA7D9F10C}.Debug|Any CPU.Build.0 = Debug|Any CPU
		{41788D2E-498F-47CB-A607-BC5CA7D9F10C}.Release|Any CPU.ActiveCfg = Release|Any CPU
		{41788D2E-498F-47CB-A607-BC5CA7D9F10C}.Release|Any CPU.Build.0 = Release|Any CPU
		{FB8214D2-C598-4A63-BCA1-AC3DB047C2A3}.Debug|Any CPU.ActiveCfg = Debug|Any CPU
		{FB8214D2-C598-4A63-BCA1-AC3DB047C2A3}.Debug|Any CPU.Build.0 = Debug|Any CPU
		{FB8214D2-C598-4A63-BCA1-AC3DB047C2A3}.Release|Any CPU.ActiveCfg = Release|Any CPU
		{FB8214D2-C598-4A63-BCA1-AC3DB047C2A3}.Release|Any CPU.Build.0 = Release|Any CPU
		{FA0FB6E3-6B76-47ED-814D-4CCBEF6B2288}.Debug|Any CPU.ActiveCfg = Debug|Any CPU
		{FA0FB6E3-6B76-47ED-814D-4CCBEF6B2288}.Debug|Any CPU.Build.0 = Debug|Any CPU
		{FA0FB6E3-6B76-47ED-814D-4CCBEF6B2288}.Release|Any CPU.ActiveCfg = Release|Any CPU
		{FA0FB6E3-6B76-47ED-814D-4CCBEF6B2288}.Release|Any CPU.Build.0 = Release|Any CPU
		{35A549DF-AEFD-4D0D-A78F-C69693383AF3}.Debug|Any CPU.ActiveCfg = Debug|Any CPU
		{35A549DF-AEFD-4D0D-A78F-C69693383AF3}.Debug|Any CPU.Build.0 = Debug|Any CPU
		{35A549DF-AEFD-4D0D-A78F-C69693383AF3}.Release|Any CPU.ActiveCfg = Release|Any CPU
		{35A549DF-AEFD-4D0D-A78F-C69693383AF3}.Release|Any CPU.Build.0 = Release|Any CPU
		{2752382B-3B0E-46E9-8BF2-BEC9AFF0EFDE}.Debug|Any CPU.ActiveCfg = Debug|Any CPU
		{2752382B-3B0E-46E9-8BF2-BEC9AFF0EFDE}.Debug|Any CPU.Build.0 = Debug|Any CPU
		{2752382B-3B0E-46E9-8BF2-BEC9AFF0EFDE}.Release|Any CPU.ActiveCfg = Release|Any CPU
		{2752382B-3B0E-46E9-8BF2-BEC9AFF0EFDE}.Release|Any CPU.Build.0 = Release|Any CPU
	EndGlobalSection
	GlobalSection(SolutionProperties) = preSolution
		HideSolutionNode = FALSE
	EndGlobalSection
	GlobalSection(ExtensibilityGlobals) = postSolution
		SolutionGuid = {6F0E3E71-EC78-4340-A7EA-9CF9933937E6}
	EndGlobalSection
EndGlobal
